
Microsoft Visual Studio Solution File, Format Version 12.00
# Visual Studio Version 16
VisualStudioVersion = 16.0.29324.140
MinimumVisualStudioVersion = 10.0.40219.1
Project("{FAE04EC0-301F-11D3-BF4B-00C04F79EFBC}") = "TRMDataManager", "TRMDataManager\TRMDataManager.csproj", "{EC0B2E02-AC60-489C-8D21-8B2732B50E92}"
EndProject
Project("{00D1A9C2-B5F0-4AF3-8072-F6C62B433612}") = "TRMData", "TRMData\TRMData.sqlproj", "{D52D3F64-5138-4273-A962-144DD82A5096}"
EndProject
Project("{FAE04EC0-301F-11D3-BF4B-00C04F79EFBC}") = "TMPWPFUserInterface", "TMPWPFUserInterface\TMPWPFUserInterface.csproj", "{1482B4CB-1AAE-4229-B161-4408B1443FF2}"
EndProject
Project("{FAE04EC0-301F-11D3-BF4B-00C04F79EFBC}") = "TRMDataManager.Library", "TRMDataManager.Library\TRMDataManager.Library.csproj", "{25CD32DF-34C6-40C3-97C6-D2D98FD23A37}"
EndProject
Project("{FAE04EC0-301F-11D3-BF4B-00C04F79EFBC}") = "TRMDesktopUI.Library", "TRMDesktopUI.Library\TRMDesktopUI.Library.csproj", "{F307A5F9-3B89-4208-8963-B32B9273D3A1}"
EndProject
Global
	GlobalSection(SolutionConfigurationPlatforms) = preSolution
		Debug|Any CPU = Debug|Any CPU
		Release|Any CPU = Release|Any CPU
	EndGlobalSection
	GlobalSection(ProjectConfigurationPlatforms) = postSolution
		{EC0B2E02-AC60-489C-8D21-8B2732B50E92}.Debug|Any CPU.ActiveCfg = Debug|Any CPU
		{EC0B2E02-AC60-489C-8D21-8B2732B50E92}.Debug|Any CPU.Build.0 = Debug|Any CPU
		{EC0B2E02-AC60-489C-8D21-8B2732B50E92}.Release|Any CPU.ActiveCfg = Release|Any CPU
		{EC0B2E02-AC60-489C-8D21-8B2732B50E92}.Release|Any CPU.Build.0 = Release|Any CPU
		{D52D3F64-5138-4273-A962-144DD82A5096}.Debug|Any CPU.ActiveCfg = Debug|Any CPU
		{D52D3F64-5138-4273-A962-144DD82A5096}.Debug|Any CPU.Build.0 = Debug|Any CPU
		{D52D3F64-5138-4273-A962-144DD82A5096}.Debug|Any CPU.Deploy.0 = Debug|Any CPU
		{D52D3F64-5138-4273-A962-144DD82A5096}.Release|Any CPU.ActiveCfg = Release|Any CPU
		{D52D3F64-5138-4273-A962-144DD82A5096}.Release|Any CPU.Build.0 = Release|Any CPU
		{D52D3F64-5138-4273-A962-144DD82A5096}.Release|Any CPU.Deploy.0 = Release|Any CPU
		{1482B4CB-1AAE-4229-B161-4408B1443FF2}.Debug|Any CPU.ActiveCfg = Debug|Any CPU
		{1482B4CB-1AAE-4229-B161-4408B1443FF2}.Debug|Any CPU.Build.0 = Debug|Any CPU
		{1482B4CB-1AAE-4229-B161-4408B1443FF2}.Release|Any CPU.ActiveCfg = Release|Any CPU
		{1482B4CB-1AAE-4229-B161-4408B1443FF2}.Release|Any CPU.Build.0 = Release|Any CPU
		{25CD32DF-34C6-40C3-97C6-D2D98FD23A37}.Debug|Any CPU.ActiveCfg = Debug|Any CPU
		{25CD32DF-34C6-40C3-97C6-D2D98FD23A37}.Debug|Any CPU.Build.0 = Debug|Any CPU
		{25CD32DF-34C6-40C3-97C6-D2D98FD23A37}.Release|Any CPU.ActiveCfg = Release|Any CPU
		{25CD32DF-34C6-40C3-97C6-D2D98FD23A37}.Release|Any CPU.Build.0 = Release|Any CPU
		{F307A5F9-3B89-4208-8963-B32B9273D3A1}.Debug|Any CPU.ActiveCfg = Debug|Any CPU
		{F307A5F9-3B89-4208-8963-B32B9273D3A1}.Debug|Any CPU.Build.0 = Debug|Any CPU
		{F307A5F9-3B89-4208-8963-B32B9273D3A1}.Release|Any CPU.ActiveCfg = Release|Any CPU
		{F307A5F9-3B89-4208-8963-B32B9273D3A1}.Release|Any CPU.Build.0 = Release|Any CPU
	EndGlobalSection
	GlobalSection(SolutionProperties) = preSolution
		HideSolutionNode = FALSE
	EndGlobalSection
	GlobalSection(ExtensibilityGlobals) = postSolution
		SolutionGuid = {3FAEBDE6-3100-4ADC-818C-C851D71BEAC2}
	EndGlobalSection
EndGlobal
